
Microsoft Visual Studio Solution File, Format Version 12.00
# Visual Studio Version 17
VisualStudioVersion = 17.0.31903.59
MinimumVisualStudioVersion = 10.0.40219.1
Project("{9A19103F-16F7-4668-BE54-9A1E7A4F7556}") = "GymManagement.Api", "src\GymManagement.Api\GymManagement.Api.csproj", "{CA1ED8D4-E9EB-4E95-8DB3-202DC573BE5D}"
EndProject
Project("{9A19103F-16F7-4668-BE54-9A1E7A4F7556}") = "GymManagement.Application", "src\GymManagement.Application\GymManagement.Application.csproj", "{DCA4B57D-A5E0-4FE8-9E74-48A28153E26B}"
EndProject
Project("{9A19103F-16F7-4668-BE54-9A1E7A4F7556}") = "GymManagement.Domain", "src\GymManagement.Domain\GymManagement.Domain.csproj", "{736C5C1D-90C9-418C-B69C-A22122A30936}"
EndProject
Project("{9A19103F-16F7-4668-BE54-9A1E7A4F7556}") = "GymManagement.Infrastructure", "src\GymManagement.Infrastructure\GymManagement.Infrastructure.csproj", "{3CD88170-6A00-48BD-9D07-B462895B8B68}"
EndProject
Project("{9A19103F-16F7-4668-BE54-9A1E7A4F7556}") = "GymManagement.Contracts", "src\GymManagement.Contracts\GymManagement.Contracts.csproj", "{87C03B62-F152-4143-98E7-ABBBD59CCFEA}"
EndProject
Project("{2150E333-8FDC-42A3-9474-1A3956D46DE8}") = "src", "src", "{009016EF-B795-48B5-8824-1049C061423F}"
EndProject
Global
	GlobalSection(SolutionConfigurationPlatforms) = preSolution
		Debug|Any CPU = Debug|Any CPU
		Release|Any CPU = Release|Any CPU
	EndGlobalSection
	GlobalSection(ProjectConfigurationPlatforms) = postSolution
		{CA1ED8D4-E9EB-4E95-8DB3-202DC573BE5D}.Debug|Any CPU.ActiveCfg = Debug|Any CPU
		{CA1ED8D4-E9EB-4E95-8DB3-202DC573BE5D}.Debug|Any CPU.Build.0 = Debug|Any CPU
		{CA1ED8D4-E9EB-4E95-8DB3-202DC573BE5D}.Release|Any CPU.ActiveCfg = Release|Any CPU
		{CA1ED8D4-E9EB-4E95-8DB3-202DC573BE5D}.Release|Any CPU.Build.0 = Release|Any CPU
		{DCA4B57D-A5E0-4FE8-9E74-48A28153E26B}.Debug|Any CPU.ActiveCfg = Debug|Any CPU
		{DCA4B57D-A5E0-4FE8-9E74-48A28153E26B}.Debug|Any CPU.Build.0 = Debug|Any CPU
		{DCA4B57D-A5E0-4FE8-9E74-48A28153E26B}.Release|Any CPU.ActiveCfg = Release|Any CPU
		{DCA4B57D-A5E0-4FE8-9E74-48A28153E26B}.Release|Any CPU.Build.0 = Release|Any CPU
		{736C5C1D-90C9-418C-B69C-A22122A30936}.Debug|Any CPU.ActiveCfg = Debug|Any CPU
		{736C5C1D-90C9-418C-B69C-A22122A30936}.Debug|Any CPU.Build.0 = Debug|Any CPU
		{736C5C1D-90C9-418C-B69C-A22122A30936}.Release|Any CPU.ActiveCfg = Release|Any CPU
		{736C5C1D-90C9-418C-B69C-A22122A30936}.Release|Any CPU.Build.0 = Release|Any CPU
		{3CD88170-6A00-48BD-9D07-B462895B8B68}.Debug|Any CPU.ActiveCfg = Debug|Any CPU
		{3CD88170-6A00-48BD-9D07-B462895B8B68}.Debug|Any CPU.Build.0 = Debug|Any CPU
		{3CD88170-6A00-48BD-9D07-B462895B8B68}.Release|Any CPU.ActiveCfg = Release|Any CPU
		{3CD88170-6A00-48BD-9D07-B462895B8B68}.Release|Any CPU.Build.0 = Release|Any CPU
		{87C03B62-F152-4143-98E7-ABBBD59CCFEA}.Debug|Any CPU.ActiveCfg = Debug|Any CPU
		{87C03B62-F152-4143-98E7-ABBBD59CCFEA}.Debug|Any CPU.Build.0 = Debug|Any CPU
		{87C03B62-F152-4143-98E7-ABBBD59CCFEA}.Release|Any CPU.ActiveCfg = Release|Any CPU
		{87C03B62-F152-4143-98E7-ABBBD59CCFEA}.Release|Any CPU.Build.0 = Release|Any CPU
	EndGlobalSection
	GlobalSection(SolutionProperties) = preSolution
		HideSolutionNode = FALSE
	EndGlobalSection
	GlobalSection(NestedProjects) = preSolution
		{CA1ED8D4-E9EB-4E95-8DB3-202DC573BE5D} = {009016EF-B795-48B5-8824-1049C061423F}
		{DCA4B57D-A5E0-4FE8-9E74-48A28153E26B} = {009016EF-B795-48B5-8824-1049C061423F}
		{736C5C1D-90C9-418C-B69C-A22122A30936} = {009016EF-B795-48B5-8824-1049C061423F}
		{3CD88170-6A00-48BD-9D07-B462895B8B68} = {009016EF-B795-48B5-8824-1049C061423F}
		{87C03B62-F152-4143-98E7-ABBBD59CCFEA} = {009016EF-B795-48B5-8824-1049C061423F}
	EndGlobalSection
EndGlobal
